
Microsoft Visual Studio Solution File, Format Version 12.00
# Visual Studio Version 17
VisualStudioVersion = 17.0.31903.59
MinimumVisualStudioVersion = 10.0.40219.1
Project("{9A19103F-16F7-4668-BE54-9A1E7A4F7556}") = "AuthenticationService.Api", "AuthenticationService.Api\AuthenticationService.Api.csproj", "{BA4A1D23-54F0-4A9D-A83E-33E604099A7A}"
EndProject
Project("{FAE04EC0-301F-11D3-BF4B-00C04F79EFBC}") = "AuthenticationService.Api.Infrastructure.Build", "AuthenticationService.Api.Infrastructure.Build\AuthenticationService.Api.Infrastructure.Build.csproj", "{FFC405F2-DC50-432E-83AB-EF8AD79B0484}"
EndProject
Global
	GlobalSection(SolutionConfigurationPlatforms) = preSolution
		Debug|Any CPU = Debug|Any CPU
		Release|Any CPU = Release|Any CPU
	EndGlobalSection
	GlobalSection(ProjectConfigurationPlatforms) = postSolution
		{BA4A1D23-54F0-4A9D-A83E-33E604099A7A}.Debug|Any CPU.ActiveCfg = Debug|Any CPU
		{BA4A1D23-54F0-4A9D-A83E-33E604099A7A}.Debug|Any CPU.Build.0 = Debug|Any CPU
		{BA4A1D23-54F0-4A9D-A83E-33E604099A7A}.Release|Any CPU.ActiveCfg = Release|Any CPU
		{BA4A1D23-54F0-4A9D-A83E-33E604099A7A}.Release|Any CPU.Build.0 = Release|Any CPU
		{FFC405F2-DC50-432E-83AB-EF8AD79B0484}.Debug|Any CPU.ActiveCfg = Debug|Any CPU
		{FFC405F2-DC50-432E-83AB-EF8AD79B0484}.Debug|Any CPU.Build.0 = Debug|Any CPU
		{FFC405F2-DC50-432E-83AB-EF8AD79B0484}.Release|Any CPU.ActiveCfg = Release|Any CPU
		{FFC405F2-DC50-432E-83AB-EF8AD79B0484}.Release|Any CPU.Build.0 = Release|Any CPU
	EndGlobalSection
	GlobalSection(SolutionProperties) = preSolution
		HideSolutionNode = FALSE
	EndGlobalSection
	GlobalSection(ExtensibilityGlobals) = postSolution
		SolutionGuid = {BDD0FB1E-5FD5-4E25-A862-215729D411A8}
	EndGlobalSection
EndGlobal
